Microsoft Visual Studio Solution File, Format Version 11.00
# Visual Studio 2008

Project("{9590BF4A-D734-5752-F943-8BAAC6BACB28}") = "PiecesRunner", "Assembly-CSharp.csproj", "{F9BB3B85-5036-DD4B-8293-30A39C9E6C55}"
EndProject
Project("{9590BF4A-D734-5752-F943-8BAAC6BACB28}") = "PiecesRunner", "Assembly-CSharp-Editor.csproj", "{49F7728E-1179-C49F-A0C4-8C088B6E238C}"
EndProject
Global
	GlobalSection(SolutionConfigurationPlatforms) = preSolution
		Debug|Any CPU = Debug|Any CPU
		Release|Any CPU = Release|Any CPU
	EndGlobalSection
	GlobalSection(ProjectConfigurationPlatforms) = postSolution
		{F9BB3B85-5036-DD4B-8293-30A39C9E6C55}.Debug|Any CPU.ActiveCfg = Debug|Any CPU
		{F9BB3B85-5036-DD4B-8293-30A39C9E6C55}.Debug|Any CPU.Build.0 = Debug|Any CPU
		{F9BB3B85-5036-DD4B-8293-30A39C9E6C55}.Release|Any CPU.ActiveCfg = Release|Any CPU
		{F9BB3B85-5036-DD4B-8293-30A39C9E6C55}.Release|Any CPU.Build.0 = Release|Any CPU
		{49F7728E-1179-C49F-A0C4-8C088B6E238C}.Debug|Any CPU.ActiveCfg = Debug|Any CPU
		{49F7728E-1179-C49F-A0C4-8C088B6E238C}.Debug|Any CPU.Build.0 = Debug|Any CPU
		{49F7728E-1179-C49F-A0C4-8C088B6E238C}.Release|Any CPU.ActiveCfg = Release|Any CPU
		{49F7728E-1179-C49F-A0C4-8C088B6E238C}.Release|Any CPU.Build.0 = Release|Any CPU
	EndGlobalSection
	GlobalSection(SolutionProperties) = preSolution
		HideSolutionNode = FALSE
	EndGlobalSection
	GlobalSection(MonoDevelopProperties) = preSolution
		StartupItem = Assembly-CSharp.csproj
	EndGlobalSection
EndGlobal
